
Microsoft Visual Studio Solution File, Format Version 12.00
# Visual Studio Version 17
VisualStudioVersion = 17.8.34330.188
MinimumVisualStudioVersion = 10.0.40219.1
Project("{FAE04EC0-301F-11D3-BF4B-00C04F79EFBC}") = "Proyecto", "Proyecto.csproj", "{2260155F-EFEA-40B0-AD91-C9EEA9154B44}"
EndProject
Global
	GlobalSection(SolutionConfigurationPlatforms) = preSolution
		Debug|Any CPU = Debug|Any CPU
		Release|Any CPU = Release|Any CPU
	EndGlobalSection
	GlobalSection(ProjectConfigurationPlatforms) = postSolution
		{2260155F-EFEA-40B0-AD91-C9EEA9154B44}.Debug|Any CPU.ActiveCfg = Debug|Any CPU
		{2260155F-EFEA-40B0-AD91-C9EEA9154B44}.Debug|Any CPU.Build.0 = Debug|Any CPU
		{2260155F-EFEA-40B0-AD91-C9EEA9154B44}.Release|Any CPU.ActiveCfg = Release|Any CPU
		{2260155F-EFEA-40B0-AD91-C9EEA9154B44}.Release|Any CPU.Build.0 = Release|Any CPU
	EndGlobalSection
	GlobalSection(SolutionProperties) = preSolution
		HideSolutionNode = FALSE
	EndGlobalSection
	GlobalSection(ExtensibilityGlobals) = postSolution
		SolutionGuid = {C6CAF42A-936F-49C2-84DA-FF502361F265}
	EndGlobalSection
EndGlobal
